
Microsoft Visual Studio Solution File, Format Version 12.00
# Visual Studio Version 17
VisualStudioVersion = 17.4.33205.214
MinimumVisualStudioVersion = 10.0.40219.1
Project("{9A19103F-16F7-4668-BE54-9A1E7A4F7556}") = "SignalRChat", "SignalRChat.csproj", "{6216876D-C60F-4FD3-8D4D-0E04785CE84B}"
EndProject
Project("{FAE04EC0-301F-11D3-BF4B-00C04F79EFBC}") = "deliverysignalr", "..\deliverysignalr\deliverysignalr.csproj", "{5E596085-4208-482A-9CEA-EC40125D41AC}"
EndProject
Global
	GlobalSection(SolutionConfigurationPlatforms) = preSolution
		Debug|Any CPU = Debug|Any CPU
		Release|Any CPU = Release|Any CPU
	EndGlobalSection
	GlobalSection(ProjectConfigurationPlatforms) = postSolution
		{6216876D-C60F-4FD3-8D4D-0E04785CE84B}.Debug|Any CPU.ActiveCfg = Debug|Any CPU
		{6216876D-C60F-4FD3-8D4D-0E04785CE84B}.Debug|Any CPU.Build.0 = Debug|Any CPU
		{6216876D-C60F-4FD3-8D4D-0E04785CE84B}.Release|Any CPU.ActiveCfg = Release|Any CPU
		{6216876D-C60F-4FD3-8D4D-0E04785CE84B}.Release|Any CPU.Build.0 = Release|Any CPU
		{5E596085-4208-482A-9CEA-EC40125D41AC}.Debug|Any CPU.ActiveCfg = Debug|Any CPU
		{5E596085-4208-482A-9CEA-EC40125D41AC}.Debug|Any CPU.Build.0 = Debug|Any CPU
		{5E596085-4208-482A-9CEA-EC40125D41AC}.Release|Any CPU.ActiveCfg = Release|Any CPU
		{5E596085-4208-482A-9CEA-EC40125D41AC}.Release|Any CPU.Build.0 = Release|Any CPU
	EndGlobalSection
	GlobalSection(SolutionProperties) = preSolution
		HideSolutionNode = FALSE
	EndGlobalSection
	GlobalSection(ExtensibilityGlobals) = postSolution
		SolutionGuid = {6D3E38F1-36AA-440D-A796-89CF59E4ED66}
	EndGlobalSection
EndGlobal
